
Microsoft Visual Studio Solution File, Format Version 12.00
# Visual Studio 15
VisualStudioVersion = 15.0.28307.421
MinimumVisualStudioVersion = 10.0.40219.1
Project("{FAE04EC0-301F-11D3-BF4B-00C04F79EFBC}") = "FluentAPI", "FluentAPI\FluentAPI.csproj", "{13514BCE-8E7C-4615-96A1-F3EAB604C04D}"
EndProject
Project("{FAE04EC0-301F-11D3-BF4B-00C04F79EFBC}") = "Migrations", "Migrations\Migrations.csproj", "{111BB215-442C-4125-94FF-01981CDDF6A3}"
EndProject
Global
	GlobalSection(SolutionConfigurationPlatforms) = preSolution
		Debug|Any CPU = Debug|Any CPU
		Release|Any CPU = Release|Any CPU
	EndGlobalSection
	GlobalSection(ProjectConfigurationPlatforms) = postSolution
		{13514BCE-8E7C-4615-96A1-F3EAB604C04D}.Debug|Any CPU.ActiveCfg = Debug|Any CPU
		{13514BCE-8E7C-4615-96A1-F3EAB604C04D}.Debug|Any CPU.Build.0 = Debug|Any CPU
		{13514BCE-8E7C-4615-96A1-F3EAB604C04D}.Release|Any CPU.ActiveCfg = Release|Any CPU
		{13514BCE-8E7C-4615-96A1-F3EAB604C04D}.Release|Any CPU.Build.0 = Release|Any CPU
		{111BB215-442C-4125-94FF-01981CDDF6A3}.Debug|Any CPU.ActiveCfg = Debug|Any CPU
		{111BB215-442C-4125-94FF-01981CDDF6A3}.Debug|Any CPU.Build.0 = Debug|Any CPU
		{111BB215-442C-4125-94FF-01981CDDF6A3}.Release|Any CPU.ActiveCfg = Release|Any CPU
		{111BB215-442C-4125-94FF-01981CDDF6A3}.Release|Any CPU.Build.0 = Release|Any CPU
	EndGlobalSection
	GlobalSection(SolutionProperties) = preSolution
		HideSolutionNode = FALSE
	EndGlobalSection
	GlobalSection(ExtensibilityGlobals) = postSolution
		SolutionGuid = {C4457716-EE95-4B40-890B-D30E77D3EBA9}
	EndGlobalSection
EndGlobal
